
Microsoft Visual Studio Solution File, Format Version 12.00
# Visual Studio Version 17
VisualStudioVersion = 17.11.35327.3
MinimumVisualStudioVersion = 10.0.40219.1
Project("{2150E333-8FDC-42A3-9474-1A3956D46DE8}") = "Services", "Services", "{441F4BB5-BE12-418C-B215-BB0744DD37F4}"
EndProject
Project("{2150E333-8FDC-42A3-9474-1A3956D46DE8}") = "Catalog", "Catalog", "{CEA6137E-63CD-4EE3-A226-F2472F95F64D}"
EndProject
Project("{FAE04EC0-301F-11D3-BF4B-00C04F79EFBC}") = "CatalogAPI", "Services\Catalog\CatalogAPI\CatalogAPI.csproj", "{F60FDF36-E73D-4F59-995C-5EC7EB845C2C}"
EndProject
Project("{2150E333-8FDC-42A3-9474-1A3956D46DE8}") = "BuildingBlocks", "BuildingBlocks", "{38AC983B-EF40-4027-A987-CDE50D27D726}"
EndProject
Project("{FAE04EC0-301F-11D3-BF4B-00C04F79EFBC}") = "BuildingBlocks", "BuildingBlocks\BuildingBlocks\BuildingBlocks.csproj", "{D290AD94-4216-4E8F-9BE2-5AF73DE17526}"
EndProject
Project("{E53339B2-1760-4266-BCC7-CA923CBCF16C}") = "docker-compose", "docker-compose.dcproj", "{FB943D29-989A-45C9-A514-DBD4764EAD70}"
EndProject
Project("{2150E333-8FDC-42A3-9474-1A3956D46DE8}") = "Basket", "Basket", "{951C0B93-351F-4CC8-8CDF-D0C408F1C3B2}"
EndProject
Project("{FAE04EC0-301F-11D3-BF4B-00C04F79EFBC}") = "Basket.API", "Services\Basket\Basket.API\Basket.API.csproj", "{633B8CAC-B9C4-4344-AB09-DB1D661A7BF0}"
EndProject
Global
	GlobalSection(SolutionConfigurationPlatforms) = preSolution
		Debug|Any CPU = Debug|Any CPU
		Release|Any CPU = Release|Any CPU
	EndGlobalSection
	GlobalSection(ProjectConfigurationPlatforms) = postSolution
		{F60FDF36-E73D-4F59-995C-5EC7EB845C2C}.Debug|Any CPU.ActiveCfg = Debug|Any CPU
		{F60FDF36-E73D-4F59-995C-5EC7EB845C2C}.Debug|Any CPU.Build.0 = Debug|Any CPU
		{F60FDF36-E73D-4F59-995C-5EC7EB845C2C}.Release|Any CPU.ActiveCfg = Release|Any CPU
		{F60FDF36-E73D-4F59-995C-5EC7EB845C2C}.Release|Any CPU.Build.0 = Release|Any CPU
		{D290AD94-4216-4E8F-9BE2-5AF73DE17526}.Debug|Any CPU.ActiveCfg = Debug|Any CPU
		{D290AD94-4216-4E8F-9BE2-5AF73DE17526}.Debug|Any CPU.Build.0 = Debug|Any CPU
		{D290AD94-4216-4E8F-9BE2-5AF73DE17526}.Release|Any CPU.ActiveCfg = Release|Any CPU
		{D290AD94-4216-4E8F-9BE2-5AF73DE17526}.Release|Any CPU.Build.0 = Release|Any CPU
		{FB943D29-989A-45C9-A514-DBD4764EAD70}.Debug|Any CPU.ActiveCfg = Debug|Any CPU
		{FB943D29-989A-45C9-A514-DBD4764EAD70}.Debug|Any CPU.Build.0 = Debug|Any CPU
		{FB943D29-989A-45C9-A514-DBD4764EAD70}.Release|Any CPU.ActiveCfg = Release|Any CPU
		{FB943D29-989A-45C9-A514-DBD4764EAD70}.Release|Any CPU.Build.0 = Release|Any CPU
		{633B8CAC-B9C4-4344-AB09-DB1D661A7BF0}.Debug|Any CPU.ActiveCfg = Debug|Any CPU
		{633B8CAC-B9C4-4344-AB09-DB1D661A7BF0}.Debug|Any CPU.Build.0 = Debug|Any CPU
		{633B8CAC-B9C4-4344-AB09-DB1D661A7BF0}.Release|Any CPU.ActiveCfg = Release|Any CPU
		{633B8CAC-B9C4-4344-AB09-DB1D661A7BF0}.Release|Any CPU.Build.0 = Release|Any CPU
	EndGlobalSection
	GlobalSection(SolutionProperties) = preSolution
		HideSolutionNode = FALSE
	EndGlobalSection
	GlobalSection(NestedProjects) = preSolution
		{CEA6137E-63CD-4EE3-A226-F2472F95F64D} = {441F4BB5-BE12-418C-B215-BB0744DD37F4}
		{F60FDF36-E73D-4F59-995C-5EC7EB845C2C} = {CEA6137E-63CD-4EE3-A226-F2472F95F64D}
		{D290AD94-4216-4E8F-9BE2-5AF73DE17526} = {38AC983B-EF40-4027-A987-CDE50D27D726}
		{951C0B93-351F-4CC8-8CDF-D0C408F1C3B2} = {441F4BB5-BE12-418C-B215-BB0744DD37F4}
		{633B8CAC-B9C4-4344-AB09-DB1D661A7BF0} = {951C0B93-351F-4CC8-8CDF-D0C408F1C3B2}
	EndGlobalSection
	GlobalSection(ExtensibilityGlobals) = postSolution
		SolutionGuid = {89334553-106E-4A6B-A165-AC8572283B7A}
	EndGlobalSection
EndGlobal
